
Microsoft Visual Studio Solution File, Format Version 12.00
# Visual Studio Version 17
VisualStudioVersion = 17.0.31903.59
MinimumVisualStudioVersion = 10.0.40219.1
Project("{2150E333-8FDC-42A3-9474-1A3956D46DE8}") = "src", "src", "{6D20D9E9-7212-4A79-B15D-D0BFD47E99B3}"
EndProject
Project("{9A19103F-16F7-4668-BE54-9A1E7A4F7556}") = "AuctionService", "src\AuctionService\AuctionService.csproj", "{757BEEB7-F4F6-43F3-AD48-690A05E9AF62}"
EndProject
Project("{2150E333-8FDC-42A3-9474-1A3956D46DE8}") = "Элементы решения", "Элементы решения", "{FDDDF5E5-C5AB-4685-8880-A1469F076F9B}"
	ProjectSection(SolutionItems) = preProject
		docker-compose.yml = docker-compose.yml
		.editorconfig = .editorconfig
	EndProjectSection
EndProject
Global
	GlobalSection(SolutionConfigurationPlatforms) = preSolution
		Debug|Any CPU = Debug|Any CPU
		Release|Any CPU = Release|Any CPU
	EndGlobalSection
	GlobalSection(ProjectConfigurationPlatforms) = postSolution
		{757BEEB7-F4F6-43F3-AD48-690A05E9AF62}.Debug|Any CPU.ActiveCfg = Debug|Any CPU
		{757BEEB7-F4F6-43F3-AD48-690A05E9AF62}.Debug|Any CPU.Build.0 = Debug|Any CPU
		{757BEEB7-F4F6-43F3-AD48-690A05E9AF62}.Release|Any CPU.ActiveCfg = Release|Any CPU
		{757BEEB7-F4F6-43F3-AD48-690A05E9AF62}.Release|Any CPU.Build.0 = Release|Any CPU
	EndGlobalSection
	GlobalSection(SolutionProperties) = preSolution
		HideSolutionNode = FALSE
	EndGlobalSection
	GlobalSection(NestedProjects) = preSolution
		{757BEEB7-F4F6-43F3-AD48-690A05E9AF62} = {6D20D9E9-7212-4A79-B15D-D0BFD47E99B3}
	EndGlobalSection
	GlobalSection(ExtensibilityGlobals) = postSolution
		SolutionGuid = {8758389E-603C-428A-A9D8-D24A3DDD026F}
	EndGlobalSection
EndGlobal
